{
  "name": "circle-usage-cli",
  "version": "1.0.1",
  "lockfileVersion": 3,
  "requires": true,
  "packages": {
    "": {
      "name": "circle-usage-cli",
      "version": "1.0.1",
      "license": "MIT",
      "bin": {
        "circle-usage": "bin/circle-usage"
      },
      "engines": {
        "node": ">=22"
      }
    }
  }
}
